
Microsoft Visual Studio Solution File, Format Version 12.00
# Visual Studio Version 17
VisualStudioVersion = 17.14.36310.24 d17.14
MinimumVisualStudioVersion = 10.0.40219.1
Project("{FAE04EC0-301F-11D3-BF4B-00C04F79EFBC}") = "GymManagementPl", "GymManagmentPl\GymManagementPl.csproj", "{EAC98567-76CB-48A0-8276-09BECED7490B}"
EndProject
Project("{FAE04EC0-301F-11D3-BF4B-00C04F79EFBC}") = "GymManagementDAL", "GymManagementDAL\GymManagementDAL.csproj", "{B65342E4-237F-43CF-9650-80DEC3DD5DE2}"
EndProject
Project("{FAE04EC0-301F-11D3-BF4B-00C04F79EFBC}") = "GymManagementBll", "GymManagementBll\GymManagementBll.csproj", "{EA7DDDFD-CA2A-495C-B1A8-D86E9E4265C6}"
EndProject
Global
	GlobalSection(SolutionConfigurationPlatforms) = preSolution
		Debug|Any CPU = Debug|Any CPU
		Release|Any CPU = Release|Any CPU
	EndGlobalSection
	GlobalSection(ProjectConfigurationPlatforms) = postSolution
		{EAC98567-76CB-48A0-8276-09BECED7490B}.Debug|Any CPU.ActiveCfg = Debug|Any CPU
		{EAC98567-76CB-48A0-8276-09BECED7490B}.Debug|Any CPU.Build.0 = Debug|Any CPU
		{EAC98567-76CB-48A0-8276-09BECED7490B}.Release|Any CPU.ActiveCfg = Release|Any CPU
		{EAC98567-76CB-48A0-8276-09BECED7490B}.Release|Any CPU.Build.0 = Release|Any CPU
		{B65342E4-237F-43CF-9650-80DEC3DD5DE2}.Debug|Any CPU.ActiveCfg = Debug|Any CPU
		{B65342E4-237F-43CF-9650-80DEC3DD5DE2}.Debug|Any CPU.Build.0 = Debug|Any CPU
		{B65342E4-237F-43CF-9650-80DEC3DD5DE2}.Release|Any CPU.ActiveCfg = Release|Any CPU
		{B65342E4-237F-43CF-9650-80DEC3DD5DE2}.Release|Any CPU.Build.0 = Release|Any CPU
		{EA7DDDFD-CA2A-495C-B1A8-D86E9E4265C6}.Debug|Any CPU.ActiveCfg = Debug|Any CPU
		{EA7DDDFD-CA2A-495C-B1A8-D86E9E4265C6}.Debug|Any CPU.Build.0 = Debug|Any CPU
		{EA7DDDFD-CA2A-495C-B1A8-D86E9E4265C6}.Release|Any CPU.ActiveCfg = Release|Any CPU
		{EA7DDDFD-CA2A-495C-B1A8-D86E9E4265C6}.Release|Any CPU.Build.0 = Release|Any CPU
	EndGlobalSection
	GlobalSection(SolutionProperties) = preSolution
		HideSolutionNode = FALSE
	EndGlobalSection
	GlobalSection(ExtensibilityGlobals) = postSolution
		SolutionGuid = {C2D5353C-0C30-4F8E-90B8-FAED862553AD}
	EndGlobalSection
EndGlobal
